Microsoft Visual Studio Solution File, Format Version 12.00
# Visual Studio Version 17
VisualStudioVersion = 17.5.2.0
MinimumVisualStudioVersion = 10.0.40219.1
Project("{FAE04EC0-301F-11D3-BF4B-00C04F79EFBC}") = "Library Management App", "Library Management App.csproj", "{ABD34E09-5439-BBA3-AC85-5841E2A7AD85}"
EndProject
Global
	GlobalSection(SolutionConfigurationPlatforms) = preSolution
		Debug|Any CPU = Debug|Any CPU
		Release|Any CPU = Release|Any CPU
	EndGlobalSection
	GlobalSection(ProjectConfigurationPlatforms) = postSolution
		{ABD34E09-5439-BBA3-AC85-5841E2A7AD85}.Debug|Any CPU.ActiveCfg = Debug|Any CPU
		{ABD34E09-5439-BBA3-AC85-5841E2A7AD85}.Debug|Any CPU.Build.0 = Debug|Any CPU
		{ABD34E09-5439-BBA3-AC85-5841E2A7AD85}.Release|Any CPU.ActiveCfg = Release|Any CPU
		{ABD34E09-5439-BBA3-AC85-5841E2A7AD85}.Release|Any CPU.Build.0 = Release|Any CPU
	EndGlobalSection
	GlobalSection(SolutionProperties) = preSolution
		HideSolutionNode = FALSE
	EndGlobalSection
	GlobalSection(ExtensibilityGlobals) = postSolution
		SolutionGuid = {40228E7D-A47B-4115-B396-8ADF3B6DC546}
	EndGlobalSection
EndGlobal
